
Microsoft Visual Studio Solution File, Format Version 12.00
# Visual Studio Version 16
VisualStudioVersion = 16.0.30114.105
MinimumVisualStudioVersion = 10.0.40219.1
Project("{FAE04EC0-301F-11D3-BF4B-00C04F79EFBC}") = "CloudWeather.DataLoader", "CloudWeather.DataLoader\CloudWeather.DataLoader.csproj", "{D781D65A-0936-4538-988C-C45A1278EACD}"
EndProject
Project("{FAE04EC0-301F-11D3-BF4B-00C04F79EFBC}") = "CloudWeather.Precipitation", "CloudWeather.Precipitation\CloudWeather.Precipitation.csproj", "{CDAB236B-0FCD-4C9C-A33C-B1252F3A5216}"
EndProject
Project("{FAE04EC0-301F-11D3-BF4B-00C04F79EFBC}") = "CloudWeather.Report", "CloudWeather.Report\CloudWeather.Report.csproj", "{ACF560F7-45C6-47D7-B61C-9A97007011BF}"
EndProject
Project("{FAE04EC0-301F-11D3-BF4B-00C04F79EFBC}") = "CloudWeather.Temparature", "CloudWeather.Temparature\CloudWeather.Temparature.csproj", "{0F9AB8B3-AAEA-4081-B579-3BF78C09DFD2}"
EndProject
Global
	GlobalSection(SolutionConfigurationPlatforms) = preSolution
		Debug|Any CPU = Debug|Any CPU
		Release|Any CPU = Release|Any CPU
	EndGlobalSection
	GlobalSection(SolutionProperties) = preSolution
		HideSolutionNode = FALSE
	EndGlobalSection
	GlobalSection(ProjectConfigurationPlatforms) = postSolution
		{D781D65A-0936-4538-988C-C45A1278EACD}.Debug|Any CPU.ActiveCfg = Debug|Any CPU
		{D781D65A-0936-4538-988C-C45A1278EACD}.Debug|Any CPU.Build.0 = Debug|Any CPU
		{D781D65A-0936-4538-988C-C45A1278EACD}.Release|Any CPU.ActiveCfg = Release|Any CPU
		{D781D65A-0936-4538-988C-C45A1278EACD}.Release|Any CPU.Build.0 = Release|Any CPU
		{CDAB236B-0FCD-4C9C-A33C-B1252F3A5216}.Debug|Any CPU.ActiveCfg = Debug|Any CPU
		{CDAB236B-0FCD-4C9C-A33C-B1252F3A5216}.Debug|Any CPU.Build.0 = Debug|Any CPU
		{CDAB236B-0FCD-4C9C-A33C-B1252F3A5216}.Release|Any CPU.ActiveCfg = Release|Any CPU
		{CDAB236B-0FCD-4C9C-A33C-B1252F3A5216}.Release|Any CPU.Build.0 = Release|Any CPU
		{ACF560F7-45C6-47D7-B61C-9A97007011BF}.Debug|Any CPU.ActiveCfg = Debug|Any CPU
		{ACF560F7-45C6-47D7-B61C-9A97007011BF}.Debug|Any CPU.Build.0 = Debug|Any CPU
		{ACF560F7-45C6-47D7-B61C-9A97007011BF}.Release|Any CPU.ActiveCfg = Release|Any CPU
		{ACF560F7-45C6-47D7-B61C-9A97007011BF}.Release|Any CPU.Build.0 = Release|Any CPU
		{0F9AB8B3-AAEA-4081-B579-3BF78C09DFD2}.Debug|Any CPU.ActiveCfg = Debug|Any CPU
		{0F9AB8B3-AAEA-4081-B579-3BF78C09DFD2}.Debug|Any CPU.Build.0 = Debug|Any CPU
		{0F9AB8B3-AAEA-4081-B579-3BF78C09DFD2}.Release|Any CPU.ActiveCfg = Release|Any CPU
		{0F9AB8B3-AAEA-4081-B579-3BF78C09DFD2}.Release|Any CPU.Build.0 = Release|Any CPU
	EndGlobalSection
EndGlobal
